// !$*UTF8*$!
{
	archiveVersion = 1;
	classes = {
	};
	objectVersion = 48;
	objects = {

/* Begin PBXBuildFile section */
		37297CE441A0684069108DC4 /* Pods_Snapchat.framework in Frameworks */ = {isa = PBXBuildFile; fileRef = EF5DA635D4D928FB27CC15BE /* Pods_Snapchat.framework */; };
		EA2D1D3B20E998E0005A09CB /* DesignableTextField.swift in Sources */ = {isa = PBXBuildFile; fileRef = EA2D1D3A20E998E0005A09CB /* DesignableTextField.swift */; };
		EA3AD5B520B4CD9600A7D877 /* AppDelegate.swift in Sources */ = {isa = PBXBuildFile; fileRef = EA3AD5B420B4CD9600A7D877 /* AppDelegate.swift */; };
		EA3AD5B720B4CD9600A7D877 /* iniciarSesionViewController.swift in Sources */ = {isa = PBXBuildFile; fileRef = EA3AD5B620B4CD9600A7D877 /* iniciarSesionViewController.swift */; };
		EA3AD5BC20B4CD9600A7D877 /* Assets.xcassets in Resources */ = {isa = PBXBuildFile; fileRef = EA3AD5BB20B4CD9600A7D877 /* Assets.xcassets */; };
		EA3AD5C720B4CE5F00A7D877 /* GoogleService-Info.plist in Resources */ = {isa = PBXBuildFile; fileRef = EA3AD5C620B4CE5F00A7D877 /* GoogleService-Info.plist */; };
		EA3AD5CA20B4DB1D00A7D877 /* SnapsViewController.swift in Sources */ = {isa = PBXBuildFile; fileRef = EA3AD5C920B4DB1D00A7D877 /* SnapsViewController.swift */; };
		EA3AD5CC20B4EAC700A7D877 /* ImagenViewController.swift in Sources */ = {isa = PBXBuildFile; fileRef = EA3AD5CB20B4EAC700A7D877 /* ImagenViewController.swift */; };
		EA619DE820D1D2F2003C44BF /* Main.storyboard in Resources */ = {isa = PBXBuildFile; fileRef = EA619DE620D1D2F2003C44BF /* Main.storyboard */; };
		EA619DE920D1D2F2003C44BF /* LaunchScreen.storyboard in Resources */ = {isa = PBXBuildFile; fileRef = EA619DE720D1D2F2003C44BF /* LaunchScreen.storyboard */; };
		EAEE4B9E20B6961500CBCCDA /* ElegirUsuarioViewController.swift in Sources */ = {isa = PBXBuildFile; fileRef = EAEE4B9D20B6961500CBCCDA /* ElegirUsuarioViewController.swift */; };
		EAF00CD020BF3026007FD8C5 /* Usuario.swift in Sources */ = {isa = PBXBuildFile; fileRef = EAF00CCF20BF3026007FD8C5 /* Usuario.swift */; };
		EAF00CD220BF3C94007FD8C5 /* Snap.swift in Sources */ = {isa = PBXBuildFile; fileRef = EAF00CD120BF3C94007FD8C5 /* Snap.swift */; };
		EAF00CD420BF4778007FD8C5 /* VerSnapViewController.swift in Sources */ = {isa = PBXBuildFile; fileRef = EAF00CD320BF4778007FD8C5 /* VerSnapViewController.swift */; };
/* End PBXBuildFile section */

/* Begin PBXFileReference section */
		349161C0FD35D845C5D6B2DB /* Pods-Snapchat.debug.xcconfig */ = {isa = PBXFileReference; includeInIndex = 1; lastKnownFileType = text.xcconfig; name = "Pods-Snapchat.debug.xcconfig"; path = "Pods/Target Support Files/Pods-Snapchat/Pods-Snapchat.debug.xcconfig"; sourceTree = "<group>"; };
		A7B844A602C2937E9A02335F /* Pods-Snapchat.release.xcconfig */ = {isa = PBXFileReference; includeInIndex = 1; lastKnownFileType = text.xcconfig; name = "Pods-Snapchat.release.xcconfig"; path = "Pods/Target Support Files/Pods-Snapchat/Pods-Snapchat.release.xcconfig"; sourceTree = "<group>"; };
		EA2D1D3A20E998E0005A09CB /* DesignableTextField.swift */ = {isa = PBXFileReference; lastKnownFileType = sourcecode.swift; path = DesignableTextField.swift; sourceTree = "<group>"; };
		EA3AD5B120B4CD9600A7D877 /* Snapchat.app */ = {isa = PBXFileReference; explicitFileType = wrapper.application; includeInIndex = 0; path = Snapchat.app; sourceTree = BUILT_PRODUCTS_DIR; };
		EA3AD5B420B4CD9600A7D877 /* AppDelegate.swift */ = {isa = PBXFileReference; lastKnownFileType = sourcecode.swift; path = AppDelegate.swift; sourceTree = "<group>"; };
		EA3AD5B620B4CD9600A7D877 /* iniciarSesionViewController.swift */ = {isa = PBXFileReference; lastKnownFileType = sourcecode.swift; path = iniciarSesionViewController.swift; sourceTree = "<group>"; };
		EA3AD5BB20B4CD9600A7D877 /* Assets.xcassets */ = {isa = PBXFileReference; lastKnownFileType = folder.assetcatalog; path = Assets.xcassets; sourceTree = "<group>"; };
		EA3AD5C020B4CD9600A7D877 /* Info.plist */ = {isa = PBXFileReference; lastKnownFileType = text.plist.xml; path = Info.plist; sourceTree = "<group>"; };
		EA3AD5C620B4CE5F00A7D877 /* GoogleService-Info.plist */ = {isa = PBXFileReference; fileEncoding = 4; lastKnownFileType = text.plist.xml; path = "GoogleService-Info.plist"; sourceTree = "<group>"; };
		EA3AD5C820B4D92400A7D877 /* Snapchat.entitlements */ = {isa = PBXFileReference; lastKnownFileType = text.plist.entitlements; path = Snapchat.entitlements; sourceTree = "<group>"; };
		EA3AD5C920B4DB1D00A7D877 /* SnapsViewController.swift */ = {isa = PBXFileReference; lastKnownFileType = sourcecode.swift; path = SnapsViewController.swift; sourceTree = "<group>"; };
		EA3AD5CB20B4EAC700A7D877 /* ImagenViewController.swift */ = {isa = PBXFileReference; lastKnownFileType = sourcecode.swift; path = ImagenViewController.swift; sourceTree = "<group>"; };
		EA619DE620D1D2F2003C44BF /* Main.storyboard */ = {isa = PBXFileReference; fileEncoding = 4; lastKnownFileType = file.storyboard; path = Main.storyboard; sourceTree = "<group>"; };
		EA619DE720D1D2F2003C44BF /* LaunchScreen.storyboard */ = {isa = PBXFileReference; fileEncoding = 4; lastKnownFileType = file.storyboard; path = LaunchScreen.storyboard; sourceTree = "<group>"; };
		EAEE4B9D20B6961500CBCCDA /* ElegirUsuarioViewController.swift */ = {isa = PBXFileReference; lastKnownFileType = sourcecode.swift; path = ElegirUsuarioViewController.swift; sourceTree = "<group>"; };
		EAF00CCF20BF3026007FD8C5 /* Usuario.swift */ = {isa = PBXFileReference; lastKnownFileType = sourcecode.swift; path = Usuario.swift; sourceTree = "<group>"; };
		EAF00CD120BF3C94007FD8C5 /* Snap.swift */ = {isa = PBXFileReference; lastKnownFileType = sourcecode.swift; path = Snap.swift; sourceTree = "<group>"; };
		EAF00CD320BF4778007FD8C5 /* VerSnapViewController.swift */ = {isa = PBXFileReference; lastKnownFileType = sourcecode.swift; path = VerSnapViewController.swift; sourceTree = "<group>"; };
		EF5DA635D4D928FB27CC15BE /* Pods_Snapchat.framework */ = {isa = PBXFileReference; explicitFileType = wrapper.framework; includeInIndex = 0; path = Pods_Snapchat.framework; sourceTree = BUILT_PRODUCTS_DIR; };
/* End PBXFileReference section */

/* Begin PBXFrameworksBuildPhase section */
		EA3AD5AE20B4CD9500A7D877 /* Frameworks */ = {
			isa = PBXFrameworksBuildPhase;
			buildActionMask = 2147483647;
			files = (
				37297CE441A0684069108DC4 /* Pods_Snapchat.framework in Frameworks */,
			);
			runOnlyForDeploymentPostprocessing = 0;
		};
/* End PBXFrameworksBuildPhase section */

/* Begin PBXGroup section */
		0F7DCE7262F4401C0DAAD601 /* Frameworks */ = {
			isa = PBXGroup;
			children = (
				EF5DA635D4D928FB27CC15BE /* Pods_Snapchat.framework */,
			);
			name = Frameworks;
			sourceTree = "<group>";
		};
		613C74A3C48D99A78BC4103F /* Pods */ = {
			isa = PBXGroup;
			children = (
				349161C0FD35D845C5D6B2DB /* Pods-Snapchat.debug.xcconfig */,
				A7B844A602C2937E9A02335F /* Pods-Snapchat.release.xcconfig */,
			);
			name = Pods;
			sourceTree = "<group>";
		};
		EA3AD5A820B4CD9500A7D877 = {
			isa = PBXGroup;
			children = (
				EA3AD5B320B4CD9600A7D877 /* Snapchat */,
				EA3AD5B220B4CD9600A7D877 /* Products */,
				613C74A3C48D99A78BC4103F /* Pods */,
				0F7DCE7262F4401C0DAAD601 /* Frameworks */,
			);
			sourceTree = "<group>";
		};
		EA3AD5B220B4CD9600A7D877 /* Products */ = {
			isa = PBXGroup;
			children = (
				EA3AD5B120B4CD9600A7D877 /* Snapchat.app */,
			);
			name = Products;
			sourceTree = "<group>";
		};
		EA3AD5B320B4CD9600A7D877 /* Snapchat */ = {
			isa = PBXGroup;
			children = (
				EAF00CCC20BF2FDD007FD8C5 /* Modelos */,
				EAF00CCB20BF2F7A007FD8C5 /* ViewControllers */,
				EA3AD5C820B4D92400A7D877 /* Snapchat.entitlements */,
				EA619DE720D1D2F2003C44BF /* LaunchScreen.storyboard */,
				EA619DE620D1D2F2003C44BF /* Main.storyboard */,
				EA3AD5B420B4CD9600A7D877 /* AppDelegate.swift */,
				EA3AD5BB20B4CD9600A7D877 /* Assets.xcassets */,
				EA3AD5C620B4CE5F00A7D877 /* GoogleService-Info.plist */,
				EA3AD5C020B4CD9600A7D877 /* Info.plist */,
				EA2D1D3A20E998E0005A09CB /* DesignableTextField.swift */,
			);
			path = Snapchat;
			sourceTree = "<group>";
		};
		EAF00CCB20BF2F7A007FD8C5 /* ViewControllers */ = {
			isa = PBXGroup;
			children = (
				EA3AD5B620B4CD9600A7D877 /* iniciarSesionViewController.swift */,
				EA3AD5CB20B4EAC700A7D877 /* ImagenViewController.swift */,
				EAEE4B9D20B6961500CBCCDA /* ElegirUsuarioViewController.swift */,
				EA3AD5C920B4DB1D00A7D877 /* SnapsViewController.swift */,
				EAF00CD320BF4778007FD8C5 /* VerSnapViewController.swift */,
			);
			path = ViewControllers;
			sourceTree = "<group>";
		};
		EAF00CCC20BF2FDD007FD8C5 /* Modelos */ = {
			isa = PBXGroup;
			children = (
				EAF00CCF20BF3026007FD8C5 /* Usuario.swift */,
				EAF00CD120BF3C94007FD8C5 /* Snap.swift */,
			);
			path = Modelos;
			sourceTree = "<group>";
		};
/* End PBXGroup section */

/* Begin PBXNativeTarget section */
		EA3AD5B020B4CD9500A7D877 /* Snapchat */ = {
			isa = PBXNativeTarget;
			buildConfigurationList = EA3AD5C320B4CD9600A7D877 /* Build configuration list for PBXNativeTarget "Snapchat" */;
			buildPhases = (
				58E7AE5E5EAF92E2FFA44608 /* [CP] Check Pods Manifest.lock */,
				EA3AD5AD20B4CD9500A7D877 /* Sources */,
				EA3AD5AE20B4CD9500A7D877 /* Frameworks */,
				EA3AD5AF20B4CD9500A7D877 /* Resources */,
				39426A73E2F99E94EC5219FE /* [CP] Embed Pods Frameworks */,
			);
			buildRules = (
			);
			dependencies = (
			);
			name = Snapchat;
			productName = Snapchat;
			productReference = EA3AD5B120B4CD9600A7D877 /* Snapchat.app */;
			productType = "com.apple.product-type.application";
		};
/* End PBXNativeTarget section */

/* Begin PBXProject section */
		EA3AD5A920B4CD9500A7D877 /* Project object */ = {
			isa = PBXProject;
			attributes = {
				LastSwiftUpdateCheck = 0920;
				LastUpgradeCheck = 0920;
				ORGANIZATIONNAME = "Yonnyr Team";
				TargetAttributes = {
					EA3AD5B020B4CD9500A7D877 = {
						CreatedOnToolsVersion = 9.2;
						ProvisioningStyle = Automatic;
						SystemCapabilities = {
							com.apple.Keychain = {
								enabled = 1;
							};
						};
					};
				};
			};
			buildConfigurationList = EA3AD5AC20B4CD9500A7D877 /* Build configuration list for PBXProject "Snapchat" */;
			compatibilityVersion = "Xcode 8.0";
			developmentRegion = en;
			hasScannedForEncodings = 0;
			knownRegions = (
				en,
				Base,
			);
			mainGroup = EA3AD5A820B4CD9500A7D877;
			productRefGroup = EA3AD5B220B4CD9600A7D877 /* Products */;
			projectDirPath = "";
			projectRoot = "";
			targets = (
				EA3AD5B020B4CD9500A7D877 /* Snapchat */,
			);
		};
/* End PBXProject section */

/* Begin PBXResourcesBuildPhase section */
		EA3AD5AF20B4CD9500A7D877 /* Resources */ = {
			isa = PBXResourcesBuildPhase;
			buildActionMask = 2147483647;
			files = (
				EA3AD5BC20B4CD9600A7D877 /* Assets.xcassets in Resources */,
				EA3AD5C720B4CE5F00A7D877 /* GoogleService-Info.plist in Resources */,
				EA619DE920D1D2F2003C44BF /* LaunchScreen.storyboard in Resources */,
				EA619DE820D1D2F2003C44BF /* Main.storyboard in Resources */,
			);
			runOnlyForDeploymentPostprocessing = 0;
		};
/* End PBXResourcesBuildPhase section */

/* Begin PBXShellScriptBuildPhase section */
		39426A73E2F99E94EC5219FE /* [CP] Embed Pods Frameworks */ = {
			isa = PBXShellScriptBuildPhase;
			buildActionMask = 2147483647;
			files = (
			);
			inputPaths = (
				"${SRCROOT}/Pods/Target Support Files/Pods-Snapchat/Pods-Snapchat-frameworks.sh",
				"${BUILT_PRODUCTS_DIR}/GTMSessionFetcher/GTMSessionFetcher.framework",
				"${BUILT_PRODUCTS_DIR}/GoogleToolboxForMac/GoogleToolboxForMac.framework",
				"${BUILT_PRODUCTS_DIR}/SDWebImage/SDWebImage.framework",
				"${BUILT_PRODUCTS_DIR}/leveldb-library/leveldb.framework",
				"${BUILT_PRODUCTS_DIR}/nanopb/nanopb.framework",
			);
			name = "[CP] Embed Pods Frameworks";
			outputPaths = (
				"${TARGET_BUILD_DIR}/${FRAMEWORKS_FOLDER_PATH}/GTMSessionFetcher.framework",
				"${TARGET_BUILD_DIR}/${FRAMEWORKS_FOLDER_PATH}/GoogleToolboxForMac.framework",
				"${TARGET_BUILD_DIR}/${FRAMEWORKS_FOLDER_PATH}/SDWebImage.framework",
				"${TARGET_BUILD_DIR}/${FRAMEWORKS_FOLDER_PATH}/leveldb.framework",
				"${TARGET_BUILD_DIR}/${FRAMEWORKS_FOLDER_PATH}/nanopb.framework",
			);
			runOnlyForDeploymentPostprocessing = 0;
			shellPath = /bin/sh;
			shellScript = "\"${SRCROOT}/Pods/Target Support Files/Pods-Snapchat/Pods-Snapchat-frameworks.sh\"\n";
			showEnvVarsInLog = 0;
		};
		58E7AE5E5EAF92E2FFA44608 /* [CP] Check Pods Manifest.lock */ = {
			isa = PBXShellScriptBuildPhase;
			buildActionMask = 2147483647;
			files = (
			);
			inputPaths = (
				"${PODS_PODFILE_DIR_PATH}/Podfile.lock",
				"${PODS_ROOT}/Manifest.lock",
			);
			name = "[CP] Check Pods Manifest.lock";
			outputPaths = (
				"$(DERIVED_FILE_DIR)/Pods-Snapchat-checkManifestLockResult.txt",
			);
			runOnlyForDeploymentPostprocessing = 0;
			shellPath = /bin/sh;
			shellScript = "diff \"${PODS_PODFILE_DIR_PATH}/Podfile.lock\" \"${PODS_ROOT}/Manifest.lock\" > /dev/null\nif [ $? != 0 ] ; then\n    # print error to STDERR\n    echo \"error: The sandbox is not in sync with the Podfile.lock. Run 'pod install' or update your CocoaPods installation.\" >&2\n    exit 1\nfi\n# This output is used by Xcode 'outputs' to avoid re-running this script phase.\necho \"SUCCESS\" > \"${SCRIPT_OUTPUT_FILE_0}\"\n";
			showEnvVarsInLog = 0;
		};
/* End PBXShellScriptBuildPhase section */

/* Begin PBXSourcesBuildPhase section */
		EA3AD5AD20B4CD9500A7D877 /* Sources */ = {
			isa = PBXSourcesBuildPhase;
			buildActionMask = 2147483647;
			files = (
				EA3AD5B720B4CD9600A7D877 /* iniciarSesionViewController.swift in Sources */,
				EA2D1D3B20E998E0005A09CB /* DesignableTextField.swift in Sources */,
				EA3AD5CC20B4EAC700A7D877 /* ImagenViewController.swift in Sources */,
				EAF00CD020BF3026007FD8C5 /* Usuario.swift in Sources */,
				EA3AD5B520B4CD9600A7D877 /* AppDelegate.swift in Sources */,
				EAF00CD420BF4778007FD8C5 /* VerSnapViewController.swift in Sources */,
				EAF00CD220BF3C94007FD8C5 /* Snap.swift in Sources */,
				EA3AD5CA20B4DB1D00A7D877 /* SnapsViewController.swift in Sources */,
				EAEE4B9E20B6961500CBCCDA /* ElegirUsuarioViewController.swift in Sources */,
			);
			runOnlyForDeploymentPostprocessing = 0;
		};
/* End PBXSourcesBuildPhase section */

/* Begin XCBuildConfiguration section */
		EA3AD5C120B4CD9600A7D877 /* Debug */ = {
			isa = XCBuildConfiguration;
			buildSettings = {
				ALWAYS_SEARCH_USER_PATHS = NO;
				CLANG_ANALYZER_NONNULL = YES;
				CLANG_ANALYZER_NUMBER_OBJECT_CONVERSION = YES_AGGRESSIVE;
				CLANG_CXX_LANGUAGE_STANDARD = "gnu++14";
				CLANG_CXX_LIBRARY = "libc++";
				CLANG_ENABLE_MODULES = YES;
				CLANG_ENABLE_OBJC_ARC = YES;
				CLANG_WARN_BLOCK_CAPTURE_AUTORELEASING = YES;
				CLANG_WARN_BOOL_CONVERSION = YES;
				CLANG_WARN_COMMA = YES;
				CLANG_WARN_CONSTANT_CONVERSION = YES;
				CLANG_WARN_DIRECT_OBJC_ISA_USAGE = YES_ERROR;
				CLANG_WARN_DOCUMENTATION_COMMENTS = YES;
				CLANG_WARN_EMPTY_BODY = YES;
				CLANG_WARN_ENUM_CONVERSION = YES;
				CLANG_WARN_INFINITE_RECURSION = YES;
				CLANG_WARN_INT_CONVERSION = YES;
				CLANG_WARN_NON_LITERAL_NULL_CONVERSION = YES;
				CLANG_WARN_OBJC_LITERAL_CONVERSION = YES;
				CLANG_WARN_OBJC_ROOT_CLASS = YES_ERROR;
				CLANG_WARN_RANGE_LOOP_ANALYSIS = YES;
				CLANG_WARN_STRICT_PROTOTYPES = YES;
				CLANG_WARN_SUSPICIOUS_MOVE = YES;
				CLANG_WARN_UNGUARDED_AVAILABILITY = YES_AGGRESSIVE;
				CLANG_WARN_UNREACHABLE_CODE = YES;
				CLANG_WARN__DUPLICATE_METHOD_MATCH = YES;
				CODE_SIGN_IDENTITY = "iPhone Developer";
				COPY_PHASE_STRIP = NO;
				DEBUG_INFORMATION_FORMAT = dwarf;
				ENABLE_STRICT_OBJC_MSGSEND = YES;
				ENABLE_TESTABILITY = YES;
				GCC_C_LANGUAGE_STANDARD = gnu11;
				GCC_DYNAMIC_NO_PIC = NO;
				GCC_NO_COMMON_BLOCKS = YES;
				GCC_OPTIMIZATION_LEVEL = 0;
				GCC_PREPROCESSOR_DEFINITIONS = (
					"DEBUG=1",
					"$(inherited)",
				);
				GCC_WARN_64_TO_32_BIT_CONVERSION = YES;
				GCC_WARN_ABOUT_RETURN_TYPE = YES_ERROR;
				GCC_WARN_UNDECLARED_SELECTOR = YES;
				GCC_WARN_UNINITIALIZED_AUTOS = YES_AGGRESSIVE;
				GCC_WARN_UNUSED_FUNCTION = YES;
				GCC_WARN_UNUSED_VARIABLE = YES;
				IPHONEOS_DEPLOYMENT_TARGET = 11.2;
				MTL_ENABLE_DEBUG_INFO = YES;
				ONLY_ACTIVE_ARCH = YES;
				SDKROOT = iphoneos;
				SWIFT_ACTIVE_COMPILATION_CONDITIONS = DEBUG;
				SWIFT_OPTIMIZATION_LEVEL = "-Onone";
			};
			name = Debug;
		};
		EA3AD5C220B4CD9600A7D877 /* Release */ = {
			isa = XCBuildConfiguration;
			buildSettings = {
				ALWAYS_SEARCH_USER_PATHS = NO;
				CLANG_ANALYZER_NONNULL = YES;
				CLANG_ANALYZER_NUMBER_OBJECT_CONVERSION = YES_AGGRESSIVE;
				CLANG_CXX_LANGUAGE_STANDARD = "gnu++14";
				CLANG_CXX_LIBRARY = "libc++";
				CLANG_ENABLE_MODULES = YES;
				CLANG_ENABLE_OBJC_ARC = YES;
				CLANG_WARN_BLOCK_CAPTURE_AUTORELEASING = YES;
				CLANG_WARN_BOOL_CONVERSION = YES;
				CLANG_WARN_COMMA = YES;
				CLANG_WARN_CONSTANT_CONVERSION = YES;
				CLANG_WARN_DIRECT_OBJC_ISA_USAGE = YES_ERROR;
				CLANG_WARN_DOCUMENTATION_COMMENTS = YES;
				CLANG_WARN_EMPTY_BODY = YES;
				CLANG_WARN_ENUM_CONVERSION = YES;
				CLANG_WARN_INFINITE_RECURSION = YES;
				CLANG_WARN_INT_CONVERSION = YES;
				CLANG_WARN_NON_LITERAL_NULL_CONVERSION = YES;
				CLANG_WARN_OBJC_LITERAL_CONVERSION = YES;
				CLANG_WARN_OBJC_ROOT_CLASS = YES_ERROR;
				CLANG_WARN_RANGE_LOOP_ANALYSIS = YES;
				CLANG_WARN_STRICT_PROTOTYPES = YES;
				CLANG_WARN_SUSPICIOUS_MOVE = YES;
				CLANG_WARN_UNGUARDED_AVAILABILITY = YES_AGGRESSIVE;
				CLANG_WARN_UNREACHABLE_CODE = YES;
				CLANG_WARN__DUPLICATE_METHOD_MATCH = YES;
				CODE_SIGN_IDENTITY = "iPhone Developer";
				COPY_PHASE_STRIP = NO;
				DEBUG_INFORMATION_FORMAT = "dwarf-with-dsym";
				ENABLE_NS_ASSERTIONS = NO;
				ENABLE_STRICT_OBJC_MSGSEND = YES;
				GCC_C_LANGUAGE_STANDARD = gnu11;
				GCC_NO_COMMON_BLOCKS = YES;
				GCC_WARN_64_TO_32_BIT_CONVERSION = YES;
				GCC_WARN_ABOUT_RETURN_TYPE = YES_ERROR;
				GCC_WARN_UNDECLARED_SELECTOR = YES;
				GCC_WARN_UNINITIALIZED_AUTOS = YES_AGGRESSIVE;
				GCC_WARN_UNUSED_FUNCTION = YES;
				GCC_WARN_UNUSED_VARIABLE = YES;
				IPHONEOS_DEPLOYMENT_TARGET = 11.2;
				MTL_ENABLE_DEBUG_INFO = NO;
				SDKROOT = iphoneos;
				SWIFT_OPTIMIZATION_LEVEL = "-Owholemodule";
				VALIDATE_PRODUCT = YES;
			};
			name = Release;
		};
		EA3AD5C420B4CD9600A7D877 /* Debug */ = {
			isa = XCBuildConfiguration;
			baseConfigurationReference = 349161C0FD35D845C5D6B2DB /* Pods-Snapchat.debug.xcconfig */;
			buildSettings = {
				ASSETCATALOG_COMPILER_APPICON_NAME = AppIcon;
				CODE_SIGN_ENTITLEMENTS = Snapchat/Snapchat.entitlements;
				CODE_SIGN_STYLE = Automatic;
				DEVELOPMENT_TEAM = MSB3W3PJMV;
				INFOPLIST_FILE = Snapchat/Info.plist;
				LD_RUNPATH_SEARCH_PATHS = "$(inherited) @executable_path/Frameworks";
				PRODUCT_BUNDLE_IDENTIFIER = com.yonnyr.Snapchat;
				PRODUCT_NAME = "$(TARGET_NAME)";
				SWIFT_VERSION = 4.0;
				TARGETED_DEVICE_FAMILY = "1,2";
			};
			name = Debug;
		};
		EA3AD5C520B4CD9600A7D877 /* Release */ = {
			isa = XCBuildConfiguration;
			baseConfigurationReference = A7B844A602C2937E9A02335F /* Pods-Snapchat.release.xcconfig */;
			buildSettings = {
				ASSETCATALOG_COMPILER_APPICON_NAME = AppIcon;
				CODE_SIGN_ENTITLEMENTS = Snapchat/Snapchat.entitlements;
				CODE_SIGN_STYLE = Automatic;
				DEVELOPMENT_TEAM = MSB3W3PJMV;
				INFOPLIST_FILE = Snapchat/Info.plist;
				LD_RUNPATH_SEARCH_PATHS = "$(inherited) @executable_path/Frameworks";
				PRODUCT_BUNDLE_IDENTIFIER = com.yonnyr.Snapchat;
				PRODUCT_NAME = "$(TARGET_NAME)";
				SWIFT_VERSION = 4.0;
				TARGETED_DEVICE_FAMILY = "1,2";
			};
			name = Release;
		};
/* End XCBuildConfiguration section */

/* Begin XCConfigurationList section */
		EA3AD5AC20B4CD9500A7D877 /* Build configuration list for PBXProject "Snapchat" */ = {
			isa = XCConfigurationList;
			buildConfigurations = (
				EA3AD5C120B4CD9600A7D877 /* Debug */,
				EA3AD5C220B4CD9600A7D877 /* Release */,
			);
			defaultConfigurationIsVisible = 0;
			defaultConfigurationName = Release;
		};
		EA3AD5C320B4CD9600A7D877 /* Build configuration list for PBXNativeTarget "Snapchat" */ = {
			isa = XCConfigurationList;
			buildConfigurations = (
				EA3AD5C420B4CD9600A7D877 /* Debug */,
				EA3AD5C520B4CD9600A7D877 /* Release */,
			);
			defaultConfigurationIsVisible = 0;
			defaultConfigurationName = Release;
		};
/* End XCConfigurationList section */
	};
	rootObject = EA3AD5A920B4CD9500A7D877 /* Project object */;
}
